<?xml version="1.0" encoding="utf-8"?>
<Project ToolsVersion="4.0" xmlns="http://schemas.microsoft.com/developer/msbuild/2003">
  <ItemGroup>
    <Filter Include="Source Files">
      <UniqueIdentifier>{4FC737F1-C7A5-4376-A066-2A32D752A2FF}</UniqueIdentifier>
      <Extensions>cpp;c;cc;cxx;def;odl;idl;hpj;bat;asm;asmx</Extensions>
    </Filter>
    <Filter Include="Header Files">
      <UniqueIdentifier>{93995380-89BD-4b04-88EB-625FBE52EBFB}</UniqueIdentifier>
      <Extensions>h;hh;hpp;hxx;hm;inl;inc;xsd</Extensions>
    </Filter>
    <Filter Include="Resource Files">
      <UniqueIdentifier>{67DA6AB6-F800-4c08-8B7A-83BB121AAD01}</UniqueIdentifier>
      <Extensions>rc;ico;cur;bmp;dlg;rc2;rct;bin;rgs;gif;jpg;jpeg;jpe;resx;tiff;tif;png;wav;mfcribbon-ms</Extensions>
    </Filter>
    <Filter Include="Resource Files\Shaders">
      <UniqueIdentifier>{78447413-2857-468d-953e-b5de7e9594b9}</UniqueIdentifier>
    </Filter>
    <Filter Include="Header Files\Effects">
      <UniqueIdentifier>{4c7f162e-eb6f-487a-894d-67a7ab096014}</UniqueIdentifier>
    </Filter>
  </ItemGroup>
  <ItemGroup>
    <ClCompile Include="main.cpp">
      <Filter>Source Files</Filter>
    </ClCompile>
    <ClCompile Include="gk2ExampleBase.cpp">
      <Filter>Source Files</Filter>
    </ClCompile>
    <ClCompile Include="meshLoader.cpp">
      <Filter>Source Files</Filter>
    </ClCompile>
    <ClCompile Include="roomDemo.cpp">
      <Filter>Source Files</Filter>
    </ClCompile>
    <ClCompile Include="particleSystem.cpp">
      <Filter>Source Files</Filter>
    </ClCompile>
    <ClCompile Include="lightAndShadowMap.cpp">
      <Filter>Source Files</Filter>
    </ClCompile>
  </ItemGroup>
  <ItemGroup>
    <ClInclude Include="gk2ExampleBase.h">
      <Filter>Header Files</Filter>
    </ClInclude>
    <ClInclude Include="meshLoader.h">
      <Filter>Header Files</Filter>
    </ClInclude>
    <ClInclude Include="roomDemo.h">
      <Filter>Header Files</Filter>
    </ClInclude>
    <ClInclude Include="particleSystem.h">
      <Filter>Header Files</Filter>
    </ClInclude>
    <ClInclude Include="lightAndShadowMap.h">
      <Filter>Header Files</Filter>
    </ClInclude>
    <ClInclude Include="PhongEffect.h">
      <Filter>Header Files\Effects</Filter>
    </ClInclude>
  </ItemGroup>
  <ItemGroup>
    <FxCompile Include="phongPS.hlsl">
      <Filter>Resource Files\Shaders</Filter>
    </FxCompile>
    <FxCompile Include="phongVS.hlsl">
      <Filter>Resource Files\Shaders</Filter>
    </FxCompile>
    <FxCompile Include="particleVS.hlsl">
      <Filter>Resource Files\Shaders</Filter>
    </FxCompile>
    <FxCompile Include="particleGS.hlsl">
      <Filter>Resource Files\Shaders</Filter>
    </FxCompile>
    <FxCompile Include="particlePS.hlsl">
      <Filter>Resource Files\Shaders</Filter>
    </FxCompile>
    <FxCompile Include="lightAndShadowVS.hlsl">
      <Filter>Resource Files\Shaders</Filter>
    </FxCompile>
    <FxCompile Include="lightAndShadowPS.hlsl">
      <Filter>Resource Files\Shaders</Filter>
    </FxCompile>
  </ItemGroup>
</Project>