<?xml version="1.0" encoding="utf-8"?>
<Project ToolsVersion="4.0" xmlns="http://schemas.microsoft.com/developer/msbuild/2003">
  <ItemGroup>
    <FxCompile Include="phongPS.hlsl">
      <Filter>Resource Files</Filter>
    </FxCompile>
    <FxCompile Include="phongVS.hlsl">
      <Filter>Resource Files</Filter>
    </FxCompile>
  </ItemGroup>
  <ItemGroup>
    <ClCompile Include="gk2ExampleBase.cpp">
      <Filter>Source Files</Filter>
    </ClCompile>
    <ClCompile Include="meshLoader.cpp">
      <Filter>Source Files</Filter>
    </ClCompile>
    <ClCompile Include="roomDemo.cpp">
      <Filter>Source Files</Filter>
    </ClCompile>
    <ClCompile Include="main.cpp">
      <Filter>Source Files</Filter>
    </ClCompile>
    <ClCompile Include="MovableCamera.cpp">
      <Filter>Source Files</Filter>
    </ClCompile>
  </ItemGroup>
  <ItemGroup>
    <ClInclude Include="gk2ExampleBase.h">
      <Filter>Header Files</Filter>
    </ClInclude>
    <ClInclude Include="PhongEffect.h">
      <Filter>Header Files</Filter>
    </ClInclude>
    <ClInclude Include="meshLoader.h">
      <Filter>Header Files</Filter>
    </ClInclude>
    <ClInclude Include="roomDemo.h">
      <Filter>Header Files</Filter>
    </ClInclude>
    <ClInclude Include="MovableCamera.h">
      <Filter>Header Files</Filter>
    </ClInclude>
  </ItemGroup>
  <ItemGroup>
    <Filter Include="Header Files">
      <UniqueIdentifier>{879744eb-699a-4fce-b6f5-18bc5f6ec53b}</UniqueIdentifier>
    </Filter>
    <Filter Include="Source Files">
      <UniqueIdentifier>{bce96152-13d0-47a8-abc8-4890f09b17c5}</UniqueIdentifier>
    </Filter>
    <Filter Include="Resource Files">
      <UniqueIdentifier>{a06f4a20-625a-49c1-a569-3c9cc0e8e01f}</UniqueIdentifier>
    </Filter>
  </ItemGroup>
</Project>